
Microsoft Visual Studio Solution File, Format Version 12.00
# Visual Studio 2012
Project("{8BC9CEB8-8B4A-11D0-8D11-00A0C91BC942}") = "OCR", "OCR\OCR.vcxproj", "{740AC46C-9C46-4D1A-90DB-2070E672875F}"
EndProject
Global
	GlobalSection(SolutionConfigurationPlatforms) = preSolution
		Debug|Win32 = Debug|Win32
		Release|Win32 = Release|Win32
	EndGlobalSection
	GlobalSection(ProjectConfigurationPlatforms) = postSolution
		{740AC46C-9C46-4D1A-90DB-2070E672875F}.Debug|Win32.ActiveCfg = Debug|Win32
		{740AC46C-9C46-4D1A-90DB-2070E672875F}.Debug|Win32.Build.0 = Debug|Win32
		{740AC46C-9C46-4D1A-90DB-2070E672875F}.Release|Win32.ActiveCfg = Release|Win32
		{740AC46C-9C46-4D1A-90DB-2070E672875F}.Release|Win32.Build.0 = Release|Win32
	EndGlobalSection
	GlobalSection(SolutionProperties) = preSolution
		HideSolutionNode = FALSE
	EndGlobalSection
EndGlobal
